
Microsoft Visual Studio Solution File, Format Version 12.00
# Visual Studio Version 17
VisualStudioVersion = 17.10.35013.160
MinimumVisualStudioVersion = 10.0.40219.1
Project("{FAE04EC0-301F-11D3-BF4B-00C04F79EFBC}") = "AspNetCoreAPI-Intro", "AspNetCoreAPI-Intro\AspNetCoreAPI-Intro.csproj", "{D5FD2351-3D37-45AA-8A4F-D3319BED85B6}"
EndProject
Global
	GlobalSection(SolutionConfigurationPlatforms) = preSolution
		Debug|Any CPU = Debug|Any CPU
		Release|Any CPU = Release|Any CPU
	EndGlobalSection
	GlobalSection(ProjectConfigurationPlatforms) = postSolution
		{D5FD2351-3D37-45AA-8A4F-D3319BED85B6}.Debug|Any CPU.ActiveCfg = Debug|Any CPU
		{D5FD2351-3D37-45AA-8A4F-D3319BED85B6}.Debug|Any CPU.Build.0 = Debug|Any CPU
		{D5FD2351-3D37-45AA-8A4F-D3319BED85B6}.Release|Any CPU.ActiveCfg = Release|Any CPU
		{D5FD2351-3D37-45AA-8A4F-D3319BED85B6}.Release|Any CPU.Build.0 = Release|Any CPU
	EndGlobalSection
	GlobalSection(SolutionProperties) = preSolution
		HideSolutionNode = FALSE
	EndGlobalSection
	GlobalSection(ExtensibilityGlobals) = postSolution
		SolutionGuid = {19BDDB83-E712-4975-B9EC-112E9B590D08}
	EndGlobalSection
EndGlobal
